
Microsoft Visual Studio Solution File, Format Version 12.00
# Visual Studio Version 16
VisualStudioVersion = 16.0.29709.97
MinimumVisualStudioVersion = 10.0.40219.1
Project("{FAE04EC0-301F-11D3-BF4B-00C04F79EFBC}") = "ChinaBank_FIX", "ChinaBank_FIX\ChinaBank_FIX.csproj", "{E56769CB-33E6-45FA-A406-EC2A969D7C04}"
EndProject
Global
	GlobalSection(SolutionConfigurationPlatforms) = preSolution
		Debug|Any CPU = Debug|Any CPU
		Release|Any CPU = Release|Any CPU
	EndGlobalSection
	GlobalSection(ProjectConfigurationPlatforms) = postSolution
		{E56769CB-33E6-45FA-A406-EC2A969D7C04}.Debug|Any CPU.ActiveCfg = Debug|Any CPU
		{E56769CB-33E6-45FA-A406-EC2A969D7C04}.Debug|Any CPU.Build.0 = Debug|Any CPU
		{E56769CB-33E6-45FA-A406-EC2A969D7C04}.Release|Any CPU.ActiveCfg = Release|Any CPU
		{E56769CB-33E6-45FA-A406-EC2A969D7C04}.Release|Any CPU.Build.0 = Release|Any CPU
	EndGlobalSection
	GlobalSection(SolutionProperties) = preSolution
		HideSolutionNode = FALSE
	EndGlobalSection
	GlobalSection(ExtensibilityGlobals) = postSolution
		SolutionGuid = {991A62F2-439E-410A-8B1D-70B0A9BCC1B4}
	EndGlobalSection
EndGlobal
